{
    "_readme": [
        "This file locks the dependencies of your project to a known state",
        "Read more about it at https://getcomposer.org/doc/01-basic-usage.md#composer-lock-the-lock-file",
        "This file is @generated automatically"
    ],
    "content-hash": "b9830ed7ae706bfcf409cc327e2c5e21",
    "packages": [
        {
            "name": "coderockr/php-query",
            "version": "dev-master",
            "source": {
                "type": "git",
                "url": "https://github.com/Coderockr/phpQuery.git",
                "reference": "942dff329b484bcadedce5255dab2ea01c9b8d6a"
            },
            "dist": {
                "type": "zip",
                "url": "https://api.github.com/repos/Coderockr/phpQuery/zipball/942dff329b484bcadedce5255dab2ea01c9b8d6a",
                "reference": "942dff329b484bcadedce5255dab2ea01c9b8d6a",
                "shasum": ""
            },
            "require": {
                "php": ">=5.3.0"
            },
            "type": "library",
            "autoload": {
                "psr-0": {
                    "phpQuery": "src"
                }
            },
            "notification-url": "https://packagist.org/downloads/",
            "license": [
                "Mit"
            ],
            "authors": [
                {
                    "name": "Duvanmonsa",
                    "email": "duvanmonsa@gmail.com",
                    "homepage": "https://github.com/duvanmonsa",
                    "role": "Developer"
                },
                {
                    "name": "Elton Minetto",
                    "email": "eminetto@coderockr.com",
                    "homepage": "https://github.com/eminetto",
                    "role": "Developer"
                }
            ],
            "description": "phpQuery",
            "homepage": "https://github.com/coderockr/phpQuery",
            "keywords": [
                "lib",
                "phpQuery"
            ],
            "time": "2016-02-05 16:04:06"
        },
        {
            "name": "php-curl-class/php-curl-class",
            "version": "7.2.0",
            "source": {
                "type": "git",
                "url": "https://github.com/php-curl-class/php-curl-class.git",
                "reference": "75edfe2ab1d70a741c9eb7a05028412180d50c1d"
            },
            "dist": {
                "type": "zip",
                "url": "https://api.github.com/repos/php-curl-class/php-curl-class/zipball/75edfe2ab1d70a741c9eb7a05028412180d50c1d",
                "reference": "75edfe2ab1d70a741c9eb7a05028412180d50c1d",
                "shasum": ""
            },
            "require": {
                "ext-curl": "*",
                "php": ">=5.3"
            },
            "require-dev": {
                "phpunit/phpunit": "*",
                "squizlabs/php_codesniffer": "*"
            },
            "type": "library",
            "autoload": {
                "psr-4": {
                    "Curl\\": "src/Curl/"
                }
            },
            "notification-url": "https://packagist.org/downloads/",
            "license": [
                "Unlicense"
            ],
            "authors": [
                {
                    "name": "Zach Borboa"
                }
            ],
            "description": "PHP Curl Class makes it easy to send HTTP requests and integrate with web APIs.",
            "homepage": "https://github.com/php-curl-class/php-curl-class",
            "keywords": [
                "api",
                "class",
                "client",
                "curl",
                "framework",
                "http",
                "http client",
                "json",
                "php",
                "requests",
                "rest",
                "restful",
                "web service",
                "xml"
            ],
            "time": "2017-01-27T07:49:43+00:00"
        }
    ],
    "packages-dev": [],
    "aliases": [],
    "minimum-stability": "dev",
    "stability-flags": {
        "coderockr/php-query": 20
    },
    "prefer-stable": false,
    "prefer-lowest": false,
    "platform": [],
    "platform-dev": []
}
